// !$*UTF8*$!
{
	archiveVersion = 1;
	classes = {
	};
	objectVersion = 51;
	objects = {

/* Begin PBXBuildFile section */
		BC6104771C44AAF600B632E7 /* main.m in Sources */ = {isa = PBXBuildFile; fileRef = BC6104761C44AAF600B632E7 /* main.m */; };
		BC61047D1C44AAF600B632E7 /* RootViewController.m in Sources */ = {isa = PBXBuildFile; fileRef = BC61047C1C44AAF600B632E7 /* RootViewController.m */; };
		BC6104801C44AAF600B632E7 /* Main.storyboard in Resources */ = {isa = PBXBuildFile; fileRef = BC61047E1C44AAF600B632E7 /* Main.storyboard */; };
		BC6104821C44AAF600B632E7 /* Assets.xcassets in Resources */ = {isa = PBXBuildFile; fileRef = BC6104811C44AAF600B632E7 /* Assets.xcassets */; };
		BC6104851C44AAF600B632E7 /* LaunchScreen.storyboard in Resources */ = {isa = PBXBuildFile; fileRef = BC6104831C44AAF600B632E7 /* LaunchScreen.storyboard */; };
		BC6104901C44AAF600B632E7 /* ZDCALayerDemoTests.m in Sources */ = {isa = PBXBuildFile; fileRef = BC61048F1C44AAF600B632E7 /* ZDCALayerDemoTests.m */; };
		BC61049B1C44AAF600B632E7 /* ZDCALayerDemoUITests.m in Sources */ = {isa = PBXBuildFile; fileRef = BC61049A1C44AAF600B632E7 /* ZDCALayerDemoUITests.m */; };
		BC6104AA1C44AE4B00B632E7 /* CAShapeLayerController.m in Sources */ = {isa = PBXBuildFile; fileRef = BC6104A91C44AE4B00B632E7 /* CAShapeLayerController.m */; };
		BC77C0431C4650EE00C15349 /* pen@2x.png in Resources */ = {isa = PBXBuildFile; fileRef = BC77C0421C4650EE00C15349 /* pen@2x.png */; };
		BCBB0FC71C48981F00DC4CEF /* AppDelegate.m in Sources */ = {isa = PBXBuildFile; fileRef = BCBB0FC61C48981F00DC4CEF /* AppDelegate.m */; };
		BCF006F81D05435800BCCFF1 /* ZDCircleView.m in Sources */ = {isa = PBXBuildFile; fileRef = BCF006F71D05435800BCCFF1 /* ZDCircleView.m */; };
		DAB9E1DF20FB2BC400DF6027 /* CAReplicatorLayerController.m in Sources */ = {isa = PBXBuildFile; fileRef = DAB9E1DE20FB2BC400DF6027 /* CAReplicatorLayerController.m */; };
		FA42B02F21EF0759009C6C34 /* ZDMaskViewController.m in Sources */ = {isa = PBXBuildFile; fileRef = FA42B02E21EF0759009C6C34 /* ZDMaskViewController.m */; };
		FA42B03221EF07D5009C6C34 /* ZDImageMaskView.m in Sources */ = {isa = PBXBuildFile; fileRef = FA42B03121EF07D5009C6C34 /* ZDImageMaskView.m */; };
		FAE7F4D8221D4A5C004DDF3F /* ZDLyricsView.m in Sources */ = {isa = PBXBuildFile; fileRef = FAE7F4D7221D4A5C004DDF3F /* ZDLyricsView.m */; };
/* End PBXBuildFile section */

/* Begin PBXContainerItemProxy section */
		BC61048C1C44AAF600B632E7 /* PBXContainerItemProxy */ = {
			isa = PBXContainerItemProxy;
			containerPortal = BC61046A1C44AAF600B632E7 /* Project object */;
			proxyType = 1;
			remoteGlobalIDString = BC6104711C44AAF600B632E7;
			remoteInfo = ZDCALayerDemo;
		};
		BC6104971C44AAF600B632E7 /* PBXContainerItemProxy */ = {
			isa = PBXContainerItemProxy;
			containerPortal = BC61046A1C44AAF600B632E7 /* Project object */;
			proxyType = 1;
			remoteGlobalIDString = BC6104711C44AAF600B632E7;
			remoteInfo = ZDCALayerDemo;
		};
/* End PBXContainerItemProxy section */

/* Begin PBXFileReference section */
		BC6104721C44AAF600B632E7 /* ZDCALayerDemo.app */ = {isa = PBXFileReference; explicitFileType = wrapper.application; includeInIndex = 0; path = ZDCALayerDemo.app; sourceTree = BUILT_PRODUCTS_DIR; };
		BC6104761C44AAF600B632E7 /* main.m */ = {isa = PBXFileReference; lastKnownFileType = sourcecode.c.objc; path = main.m; sourceTree = "<group>"; };
		BC61047B1C44AAF600B632E7 /* RootViewController.h */ = {isa = PBXFileReference; lastKnownFileType = sourcecode.c.h; path = RootViewController.h; sourceTree = "<group>"; };
		BC61047C1C44AAF600B632E7 /* RootViewController.m */ = {isa = PBXFileReference; lastKnownFileType = sourcecode.c.objc; path = RootViewController.m; sourceTree = "<group>"; };
		BC61047F1C44AAF600B632E7 /* Base */ = {isa = PBXFileReference; lastKnownFileType = file.storyboard; name = Base; path = Base.lproj/Main.storyboard; sourceTree = "<group>"; };
		BC6104811C44AAF600B632E7 /* Assets.xcassets */ = {isa = PBXFileReference; lastKnownFileType = folder.assetcatalog; path = Assets.xcassets; sourceTree = "<group>"; };
		BC6104841C44AAF600B632E7 /* Base */ = {isa = PBXFileReference; lastKnownFileType = file.storyboard; name = Base; path = Base.lproj/LaunchScreen.storyboard; sourceTree = "<group>"; };
		BC6104861C44AAF600B632E7 /* Info.plist */ = {isa = PBXFileReference; lastKnownFileType = text.plist.xml; path = Info.plist; sourceTree = "<group>"; };
		BC61048B1C44AAF600B632E7 /* ZDCALayerDemoTests.xctest */ = {isa = PBXFileReference; explicitFileType = wrapper.cfbundle; includeInIndex = 0; path = ZDCALayerDemoTests.xctest; sourceTree = BUILT_PRODUCTS_DIR; };
		BC61048F1C44AAF600B632E7 /* ZDCALayerDemoTests.m */ = {isa = PBXFileReference; lastKnownFileType = sourcecode.c.objc; path = ZDCALayerDemoTests.m; sourceTree = "<group>"; };
		BC6104911C44AAF600B632E7 /* Info.plist */ = {isa = PBXFileReference; lastKnownFileType = text.plist.xml; path = Info.plist; sourceTree = "<group>"; };
		BC6104961C44AAF600B632E7 /* ZDCALayerDemoUITests.xctest */ = {isa = PBXFileReference; explicitFileType = wrapper.cfbundle; includeInIndex = 0; path = ZDCALayerDemoUITests.xctest; sourceTree = BUILT_PRODUCTS_DIR; };
		BC61049A1C44AAF600B632E7 /* ZDCALayerDemoUITests.m */ = {isa = PBXFileReference; lastKnownFileType = sourcecode.c.objc; path = ZDCALayerDemoUITests.m; sourceTree = "<group>"; };
		BC61049C1C44AAF600B632E7 /* Info.plist */ = {isa = PBXFileReference; lastKnownFileType = text.plist.xml; path = Info.plist; sourceTree = "<group>"; };
		BC6104A81C44AE4B00B632E7 /* CAShapeLayerController.h */ = {isa = PBXFileReference; fileEncoding = 4; lastKnownFileType = sourcecode.c.h; path = CAShapeLayerController.h; sourceTree = "<group>"; };
		BC6104A91C44AE4B00B632E7 /* CAShapeLayerController.m */ = {isa = PBXFileReference; fileEncoding = 4; lastKnownFileType = sourcecode.c.objc; path = CAShapeLayerController.m; sourceTree = "<group>"; };
		BC77C0421C4650EE00C15349 /* pen@2x.png */ = {isa = PBXFileReference; lastKnownFileType = image.png; path = "pen@2x.png"; sourceTree = "<group>"; };
		BCBB0FC51C48981F00DC4CEF /* AppDelegate.h */ = {isa = PBXFileReference; fileEncoding = 4; lastKnownFileType = sourcecode.c.h; path = AppDelegate.h; sourceTree = "<group>"; };
		BCBB0FC61C48981F00DC4CEF /* AppDelegate.m */ = {isa = PBXFileReference; fileEncoding = 4; lastKnownFileType = sourcecode.c.objc; path = AppDelegate.m; sourceTree = "<group>"; };
		BCF006F61D05435800BCCFF1 /* ZDCircleView.h */ = {isa = PBXFileReference; fileEncoding = 4; lastKnownFileType = sourcecode.c.h; path = ZDCircleView.h; sourceTree = "<group>"; };
		BCF006F71D05435800BCCFF1 /* ZDCircleView.m */ = {isa = PBXFileReference; fileEncoding = 4; lastKnownFileType = sourcecode.c.objc; path = ZDCircleView.m; sourceTree = "<group>"; };
		DAB9E1DD20FB2BC400DF6027 /* CAReplicatorLayerController.h */ = {isa = PBXFileReference; lastKnownFileType = sourcecode.c.h; path = CAReplicatorLayerController.h; sourceTree = "<group>"; };
		DAB9E1DE20FB2BC400DF6027 /* CAReplicatorLayerController.m */ = {isa = PBXFileReference; lastKnownFileType = sourcecode.c.objc; path = CAReplicatorLayerController.m; sourceTree = "<group>"; };
		FA42B02D21EF0759009C6C34 /* ZDMaskViewController.h */ = {isa = PBXFileReference; lastKnownFileType = sourcecode.c.h; path = ZDMaskViewController.h; sourceTree = "<group>"; };
		FA42B02E21EF0759009C6C34 /* ZDMaskViewController.m */ = {isa = PBXFileReference; lastKnownFileType = sourcecode.c.objc; path = ZDMaskViewController.m; sourceTree = "<group>"; };
		FA42B03021EF07D5009C6C34 /* ZDImageMaskView.h */ = {isa = PBXFileReference; lastKnownFileType = sourcecode.c.h; path = ZDImageMaskView.h; sourceTree = "<group>"; };
		FA42B03121EF07D5009C6C34 /* ZDImageMaskView.m */ = {isa = PBXFileReference; lastKnownFileType = sourcecode.c.objc; path = ZDImageMaskView.m; sourceTree = "<group>"; };
		FAE7F4D6221D4A5C004DDF3F /* ZDLyricsView.h */ = {isa = PBXFileReference; lastKnownFileType = sourcecode.c.h; path = ZDLyricsView.h; sourceTree = "<group>"; };
		FAE7F4D7221D4A5C004DDF3F /* ZDLyricsView.m */ = {isa = PBXFileReference; lastKnownFileType = sourcecode.c.objc; path = ZDLyricsView.m; sourceTree = "<group>"; };
/* End PBXFileReference section */

/* Begin PBXFrameworksBuildPhase section */
		BC61046F1C44AAF600B632E7 /* Frameworks */ = {
			isa = PBXFrameworksBuildPhase;
			buildActionMask = 2147483647;
			files = (
			);
			runOnlyForDeploymentPostprocessing = 0;
		};
		BC6104881C44AAF600B632E7 /* Frameworks */ = {
			isa = PBXFrameworksBuildPhase;
			buildActionMask = 2147483647;
			files = (
			);
			runOnlyForDeploymentPostprocessing = 0;
		};
		BC6104931C44AAF600B632E7 /* Frameworks */ = {
			isa = PBXFrameworksBuildPhase;
			buildActionMask = 2147483647;
			files = (
			);
			runOnlyForDeploymentPostprocessing = 0;
		};
/* End PBXFrameworksBuildPhase section */

/* Begin PBXGroup section */
		BC6104691C44AAF600B632E7 = {
			isa = PBXGroup;
			children = (
				BC6104741C44AAF600B632E7 /* ZDCALayerDemo */,
				BC61048E1C44AAF600B632E7 /* ZDCALayerDemoTests */,
				BC6104991C44AAF600B632E7 /* ZDCALayerDemoUITests */,
				BC6104731C44AAF600B632E7 /* Products */,
			);
			sourceTree = "<group>";
		};
		BC6104731C44AAF600B632E7 /* Products */ = {
			isa = PBXGroup;
			children = (
				BC6104721C44AAF600B632E7 /* ZDCALayerDemo.app */,
				BC61048B1C44AAF600B632E7 /* ZDCALayerDemoTests.xctest */,
				BC6104961C44AAF600B632E7 /* ZDCALayerDemoUITests.xctest */,
			);
			name = Products;
			sourceTree = "<group>";
		};
		BC6104741C44AAF600B632E7 /* ZDCALayerDemo */ = {
			isa = PBXGroup;
			children = (
				BCBB0FC41C48981F00DC4CEF /* AppDelegate */,
				BC77C0391C461A1200C15349 /* Controllers */,
				DAB9E1DB20FB2AF100DF6027 /* Views */,
				BC77C03B1C461A4D00C15349 /* Others */,
				BC6104751C44AAF600B632E7 /* Supporting Files */,
			);
			path = ZDCALayerDemo;
			sourceTree = "<group>";
		};
		BC6104751C44AAF600B632E7 /* Supporting Files */ = {
			isa = PBXGroup;
			children = (
				BC6104811C44AAF600B632E7 /* Assets.xcassets */,
				BC77C0421C4650EE00C15349 /* pen@2x.png */,
				BC6104861C44AAF600B632E7 /* Info.plist */,
				BC6104831C44AAF600B632E7 /* LaunchScreen.storyboard */,
				BC61047E1C44AAF600B632E7 /* Main.storyboard */,
				BC6104761C44AAF600B632E7 /* main.m */,
			);
			path = "Supporting Files";
			sourceTree = "<group>";
		};
		BC61048E1C44AAF600B632E7 /* ZDCALayerDemoTests */ = {
			isa = PBXGroup;
			children = (
				BC6104911C44AAF600B632E7 /* Info.plist */,
				BC61048F1C44AAF600B632E7 /* ZDCALayerDemoTests.m */,
			);
			path = ZDCALayerDemoTests;
			sourceTree = "<group>";
		};
		BC6104991C44AAF600B632E7 /* ZDCALayerDemoUITests */ = {
			isa = PBXGroup;
			children = (
				BC61049C1C44AAF600B632E7 /* Info.plist */,
				BC61049A1C44AAF600B632E7 /* ZDCALayerDemoUITests.m */,
			);
			path = ZDCALayerDemoUITests;
			sourceTree = "<group>";
		};
		BC77C0371C4619CE00C15349 /* CAShapeLayer */ = {
			isa = PBXGroup;
			children = (
				BC6104A81C44AE4B00B632E7 /* CAShapeLayerController.h */,
				BC6104A91C44AE4B00B632E7 /* CAShapeLayerController.m */,
			);
			path = CAShapeLayer;
			sourceTree = "<group>";
		};
		BC77C0391C461A1200C15349 /* Controllers */ = {
			isa = PBXGroup;
			children = (
				BC77C03A1C461A3200C15349 /* RootController */,
				BC77C0371C4619CE00C15349 /* CAShapeLayer */,
				DAB9E1DC20FB2B9900DF6027 /* CAReplicatorLayer */,
				FA42B02C21EF04B3009C6C34 /* Mask */,
			);
			path = Controllers;
			sourceTree = "<group>";
		};
		BC77C03A1C461A3200C15349 /* RootController */ = {
			isa = PBXGroup;
			children = (
				BC61047B1C44AAF600B632E7 /* RootViewController.h */,
				BC61047C1C44AAF600B632E7 /* RootViewController.m */,
			);
			path = RootController;
			sourceTree = "<group>";
		};
		BC77C03B1C461A4D00C15349 /* Others */ = {
			isa = PBXGroup;
			children = (
			);
			path = Others;
			sourceTree = "<group>";
		};
		BCBB0FC41C48981F00DC4CEF /* AppDelegate */ = {
			isa = PBXGroup;
			children = (
				BCBB0FC51C48981F00DC4CEF /* AppDelegate.h */,
				BCBB0FC61C48981F00DC4CEF /* AppDelegate.m */,
			);
			path = AppDelegate;
			sourceTree = "<group>";
		};
		DAB9E1DB20FB2AF100DF6027 /* Views */ = {
			isa = PBXGroup;
			children = (
				BCF006F61D05435800BCCFF1 /* ZDCircleView.h */,
				BCF006F71D05435800BCCFF1 /* ZDCircleView.m */,
				FA42B03021EF07D5009C6C34 /* ZDImageMaskView.h */,
				FA42B03121EF07D5009C6C34 /* ZDImageMaskView.m */,
				FAE7F4D6221D4A5C004DDF3F /* ZDLyricsView.h */,
				FAE7F4D7221D4A5C004DDF3F /* ZDLyricsView.m */,
			);
			path = Views;
			sourceTree = "<group>";
		};
		DAB9E1DC20FB2B9900DF6027 /* CAReplicatorLayer */ = {
			isa = PBXGroup;
			children = (
				DAB9E1DD20FB2BC400DF6027 /* CAReplicatorLayerController.h */,
				DAB9E1DE20FB2BC400DF6027 /* CAReplicatorLayerController.m */,
			);
			path = CAReplicatorLayer;
			sourceTree = "<group>";
		};
		FA42B02C21EF04B3009C6C34 /* Mask */ = {
			isa = PBXGroup;
			children = (
				FA42B02D21EF0759009C6C34 /* ZDMaskViewController.h */,
				FA42B02E21EF0759009C6C34 /* ZDMaskViewController.m */,
			);
			path = Mask;
			sourceTree = "<group>";
		};
/* End PBXGroup section */

/* Begin PBXNativeTarget section */
		BC6104711C44AAF600B632E7 /* ZDCALayerDemo */ = {
			isa = PBXNativeTarget;
			buildConfigurationList = BC61049F1C44AAF600B632E7 /* Build configuration list for PBXNativeTarget "ZDCALayerDemo" */;
			buildPhases = (
				BC61046E1C44AAF600B632E7 /* Sources */,
				BC61046F1C44AAF600B632E7 /* Frameworks */,
				BC6104701C44AAF600B632E7 /* Resources */,
			);
			buildRules = (
			);
			dependencies = (
			);
			name = ZDCALayerDemo;
			productName = ZDCALayerDemo;
			productReference = BC6104721C44AAF600B632E7 /* ZDCALayerDemo.app */;
			productType = "com.apple.product-type.application";
		};
		BC61048A1C44AAF600B632E7 /* ZDCALayerDemoTests */ = {
			isa = PBXNativeTarget;
			buildConfigurationList = BC6104A21C44AAF600B632E7 /* Build configuration list for PBXNativeTarget "ZDCALayerDemoTests" */;
			buildPhases = (
				BC6104871C44AAF600B632E7 /* Sources */,
				BC6104881C44AAF600B632E7 /* Frameworks */,
				BC6104891C44AAF600B632E7 /* Resources */,
			);
			buildRules = (
			);
			dependencies = (
				BC61048D1C44AAF600B632E7 /* PBXTargetDependency */,
			);
			name = ZDCALayerDemoTests;
			productName = ZDCALayerDemoTests;
			productReference = BC61048B1C44AAF600B632E7 /* ZDCALayerDemoTests.xctest */;
			productType = "com.apple.product-type.bundle.unit-test";
		};
		BC6104951C44AAF600B632E7 /* ZDCALayerDemoUITests */ = {
			isa = PBXNativeTarget;
			buildConfigurationList = BC6104A51C44AAF600B632E7 /* Build configuration list for PBXNativeTarget "ZDCALayerDemoUITests" */;
			buildPhases = (
				BC6104921C44AAF600B632E7 /* Sources */,
				BC6104931C44AAF600B632E7 /* Frameworks */,
				BC6104941C44AAF600B632E7 /* Resources */,
			);
			buildRules = (
			);
			dependencies = (
				BC6104981C44AAF600B632E7 /* PBXTargetDependency */,
			);
			name = ZDCALayerDemoUITests;
			productName = ZDCALayerDemoUITests;
			productReference = BC6104961C44AAF600B632E7 /* ZDCALayerDemoUITests.xctest */;
			productType = "com.apple.product-type.bundle.ui-testing";
		};
/* End PBXNativeTarget section */

/* Begin PBXProject section */
		BC61046A1C44AAF600B632E7 /* Project object */ = {
			isa = PBXProject;
			attributes = {
				CLASSPREFIX = ZD;
				LastUpgradeCheck = 0940;
				ORGANIZATIONNAME = Zero.D.Saber;
				TargetAttributes = {
					BC6104711C44AAF600B632E7 = {
						CreatedOnToolsVersion = 7.2;
						DevelopmentTeam = 9RX2YUH426;
					};
					BC61048A1C44AAF600B632E7 = {
						CreatedOnToolsVersion = 7.2;
						TestTargetID = BC6104711C44AAF600B632E7;
					};
					BC6104951C44AAF600B632E7 = {
						CreatedOnToolsVersion = 7.2;
						TestTargetID = BC6104711C44AAF600B632E7;
					};
				};
			};
			buildConfigurationList = BC61046D1C44AAF600B632E7 /* Build configuration list for PBXProject "ZDCALayerDemo" */;
			compatibilityVersion = "Xcode 10.0";
			developmentRegion = English;
			hasScannedForEncodings = 0;
			knownRegions = (
				en,
				Base,
			);
			mainGroup = BC6104691C44AAF600B632E7;
			productRefGroup = BC6104731C44AAF600B632E7 /* Products */;
			projectDirPath = "";
			projectRoot = "";
			targets = (
				BC6104711C44AAF600B632E7 /* ZDCALayerDemo */,
				BC61048A1C44AAF600B632E7 /* ZDCALayerDemoTests */,
				BC6104951C44AAF600B632E7 /* ZDCALayerDemoUITests */,
			);
		};
/* End PBXProject section */

/* Begin PBXResourcesBuildPhase section */
		BC6104701C44AAF600B632E7 /* Resources */ = {
			isa = PBXResourcesBuildPhase;
			buildActionMask = 2147483647;
			files = (
				BC6104851C44AAF600B632E7 /* LaunchScreen.storyboard in Resources */,
				BC77C0431C4650EE00C15349 /* pen@2x.png in Resources */,
				BC6104821C44AAF600B632E7 /* Assets.xcassets in Resources */,
				BC6104801C44AAF600B632E7 /* Main.storyboard in Resources */,
			);
			runOnlyForDeploymentPostprocessing = 0;
		};
		BC6104891C44AAF600B632E7 /* Resources */ = {
			isa = PBXResourcesBuildPhase;
			buildActionMask = 2147483647;
			files = (
			);
			runOnlyForDeploymentPostprocessing = 0;
		};
		BC6104941C44AAF600B632E7 /* Resources */ = {
			isa = PBXResourcesBuildPhase;
			buildActionMask = 2147483647;
			files = (
			);
			runOnlyForDeploymentPostprocessing = 0;
		};
/* End PBXResourcesBuildPhase section */

/* Begin PBXSourcesBuildPhase section */
		BC61046E1C44AAF600B632E7 /* Sources */ = {
			isa = PBXSourcesBuildPhase;
			buildActionMask = 2147483647;
			files = (
				BCBB0FC71C48981F00DC4CEF /* AppDelegate.m in Sources */,
				BCF006F81D05435800BCCFF1 /* ZDCircleView.m in Sources */,
				DAB9E1DF20FB2BC400DF6027 /* CAReplicatorLayerController.m in Sources */,
				BC61047D1C44AAF600B632E7 /* RootViewController.m in Sources */,
				FA42B03221EF07D5009C6C34 /* ZDImageMaskView.m in Sources */,
				BC6104AA1C44AE4B00B632E7 /* CAShapeLayerController.m in Sources */,
				FAE7F4D8221D4A5C004DDF3F /* ZDLyricsView.m in Sources */,
				BC6104771C44AAF600B632E7 /* main.m in Sources */,
				FA42B02F21EF0759009C6C34 /* ZDMaskViewController.m in Sources */,
			);
			runOnlyForDeploymentPostprocessing = 0;
		};
		BC6104871C44AAF600B632E7 /* Sources */ = {
			isa = PBXSourcesBuildPhase;
			buildActionMask = 2147483647;
			files = (
				BC6104901C44AAF600B632E7 /* ZDCALayerDemoTests.m in Sources */,
			);
			runOnlyForDeploymentPostprocessing = 0;
		};
		BC6104921C44AAF600B632E7 /* Sources */ = {
			isa = PBXSourcesBuildPhase;
			buildActionMask = 2147483647;
			files = (
				BC61049B1C44AAF600B632E7 /* ZDCALayerDemoUITests.m in Sources */,
			);
			runOnlyForDeploymentPostprocessing = 0;
		};
/* End PBXSourcesBuildPhase section */

/* Begin PBXTargetDependency section */
		BC61048D1C44AAF600B632E7 /* PBXTargetDependency */ = {
			isa = PBXTargetDependency;
			target = BC6104711C44AAF600B632E7 /* ZDCALayerDemo */;
			targetProxy = BC61048C1C44AAF600B632E7 /* PBXContainerItemProxy */;
		};
		BC6104981C44AAF600B632E7 /* PBXTargetDependency */ = {
			isa = PBXTargetDependency;
			target = BC6104711C44AAF600B632E7 /* ZDCALayerDemo */;
			targetProxy = BC6104971C44AAF600B632E7 /* PBXContainerItemProxy */;
		};
/* End PBXTargetDependency section */

/* Begin PBXVariantGroup section */
		BC61047E1C44AAF600B632E7 /* Main.storyboard */ = {
			isa = PBXVariantGroup;
			children = (
				BC61047F1C44AAF600B632E7 /* Base */,
			);
			name = Main.storyboard;
			path = .;
			sourceTree = "<group>";
		};
		BC6104831C44AAF600B632E7 /* LaunchScreen.storyboard */ = {
			isa = PBXVariantGroup;
			children = (
				BC6104841C44AAF600B632E7 /* Base */,
			);
			name = LaunchScreen.storyboard;
			path = .;
			sourceTree = "<group>";
		};
/* End PBXVariantGroup section */

/* Begin XCBuildConfiguration section */
		BC61049D1C44AAF600B632E7 /* Debug */ = {
			isa = XCBuildConfiguration;
			buildSettings = {
				ALWAYS_SEARCH_USER_PATHS = NO;
				CLANG_CXX_LANGUAGE_STANDARD = "gnu++0x";
				CLANG_CXX_LIBRARY = "libc++";
				CLANG_ENABLE_MODULES = YES;
				CLANG_ENABLE_OBJC_ARC = YES;
				CLANG_WARN_BLOCK_CAPTURE_AUTORELEASING = YES;
				CLANG_WARN_BOOL_CONVERSION = YES;
				CLANG_WARN_COMMA = YES;
				CLANG_WARN_CONSTANT_CONVERSION = YES;
				CLANG_WARN_DEPRECATED_OBJC_IMPLEMENTATIONS = YES;
				CLANG_WARN_DIRECT_OBJC_ISA_USAGE = YES_ERROR;
				CLANG_WARN_EMPTY_BODY = YES;
				CLANG_WARN_ENUM_CONVERSION = YES;
				CLANG_WARN_INFINITE_RECURSION = YES;
				CLANG_WARN_INT_CONVERSION = YES;
				CLANG_WARN_NON_LITERAL_NULL_CONVERSION = YES;
				CLANG_WARN_OBJC_IMPLICIT_RETAIN_SELF = YES;
				CLANG_WARN_OBJC_LITERAL_CONVERSION = YES;
				CLANG_WARN_OBJC_ROOT_CLASS = YES_ERROR;
				CLANG_WARN_RANGE_LOOP_ANALYSIS = YES;
				CLANG_WARN_STRICT_PROTOTYPES = YES;
				CLANG_WARN_SUSPICIOUS_MOVE = YES;
				CLANG_WARN_UNREACHABLE_CODE = YES;
				CLANG_WARN__DUPLICATE_METHOD_MATCH = YES;
				"CODE_SIGN_IDENTITY[sdk=iphoneos*]" = "iPhone Developer";
				COPY_PHASE_STRIP = NO;
				DEBUG_INFORMATION_FORMAT = dwarf;
				ENABLE_STRICT_OBJC_MSGSEND = YES;
				ENABLE_TESTABILITY = YES;
				GCC_C_LANGUAGE_STANDARD = gnu99;
				GCC_DYNAMIC_NO_PIC = NO;
				GCC_NO_COMMON_BLOCKS = YES;
				GCC_OPTIMIZATION_LEVEL = 0;
				GCC_PREPROCESSOR_DEFINITIONS = (
					"DEBUG=1",
					"$(inherited)",
				);
				GCC_WARN_64_TO_32_BIT_CONVERSION = YES;
				GCC_WARN_ABOUT_RETURN_TYPE = YES_ERROR;
				GCC_WARN_UNDECLARED_SELECTOR = YES;
				GCC_WARN_UNINITIALIZED_AUTOS = YES_AGGRESSIVE;
				GCC_WARN_UNUSED_FUNCTION = YES;
				GCC_WARN_UNUSED_VARIABLE = YES;
				IPHONEOS_DEPLOYMENT_TARGET = 10.0;
				MTL_ENABLE_DEBUG_INFO = YES;
				ONLY_ACTIVE_ARCH = YES;
				SDKROOT = iphoneos;
				TARGETED_DEVICE_FAMILY = "1,2";
			};
			name = Debug;
		};
		BC61049E1C44AAF600B632E7 /* Release */ = {
			isa = XCBuildConfiguration;
			buildSettings = {
				ALWAYS_SEARCH_USER_PATHS = NO;
				CLANG_CXX_LANGUAGE_STANDARD = "gnu++0x";
				CLANG_CXX_LIBRARY = "libc++";
				CLANG_ENABLE_MODULES = YES;
				CLANG_ENABLE_OBJC_ARC = YES;
				CLANG_WARN_BLOCK_CAPTURE_AUTORELEASING = YES;
				CLANG_WARN_BOOL_CONVERSION = YES;
				CLANG_WARN_COMMA = YES;
				CLANG_WARN_CONSTANT_CONVERSION = YES;
				CLANG_WARN_DEPRECATED_OBJC_IMPLEMENTATIONS = YES;
				CLANG_WARN_DIRECT_OBJC_ISA_USAGE = YES_ERROR;
				CLANG_WARN_EMPTY_BODY = YES;
				CLANG_WARN_ENUM_CONVERSION = YES;
				CLANG_WARN_INFINITE_RECURSION = YES;
				CLANG_WARN_INT_CONVERSION = YES;
				CLANG_WARN_NON_LITERAL_NULL_CONVERSION = YES;
				CLANG_WARN_OBJC_IMPLICIT_RETAIN_SELF = YES;
				CLANG_WARN_OBJC_LITERAL_CONVERSION = YES;
				CLANG_WARN_OBJC_ROOT_CLASS = YES_ERROR;
				CLANG_WARN_RANGE_LOOP_ANALYSIS = YES;
				CLANG_WARN_STRICT_PROTOTYPES = YES;
				CLANG_WARN_SUSPICIOUS_MOVE = YES;
				CLANG_WARN_UNREACHABLE_CODE = YES;
				CLANG_WARN__DUPLICATE_METHOD_MATCH = YES;
				"CODE_SIGN_IDENTITY[sdk=iphoneos*]" = "iPhone Developer";
				COPY_PHASE_STRIP = NO;
				DEBUG_INFORMATION_FORMAT = "dwarf-with-dsym";
				ENABLE_NS_ASSERTIONS = NO;
				ENABLE_STRICT_OBJC_MSGSEND = YES;
				GCC_C_LANGUAGE_STANDARD = gnu99;
				GCC_NO_COMMON_BLOCKS = YES;
				GCC_WARN_64_TO_32_BIT_CONVERSION = YES;
				GCC_WARN_ABOUT_RETURN_TYPE = YES_ERROR;
				GCC_WARN_UNDECLARED_SELECTOR = YES;
				GCC_WARN_UNINITIALIZED_AUTOS = YES_AGGRESSIVE;
				GCC_WARN_UNUSED_FUNCTION = YES;
				GCC_WARN_UNUSED_VARIABLE = YES;
				IPHONEOS_DEPLOYMENT_TARGET = 10.0;
				MTL_ENABLE_DEBUG_INFO = NO;
				SDKROOT = iphoneos;
				TARGETED_DEVICE_FAMILY = "1,2";
				VALIDATE_PRODUCT = YES;
			};
			name = Release;
		};
		BC6104A01C44AAF600B632E7 /* Debug */ = {
			isa = XCBuildConfiguration;
			buildSettings = {
				ASSETCATALOG_COMPILER_APPICON_NAME = AppIcon;
				DEVELOPMENT_TEAM = 9RX2YUH426;
				INFOPLIST_FILE = "ZDCALayerDemo/Supporting Files/Info.plist";
				IPHONEOS_DEPLOYMENT_TARGET = 8.0;
				LD_RUNPATH_SEARCH_PATHS = (
					"$(inherited)",
					"@executable_path/Frameworks",
				);
				PRODUCT_BUNDLE_IDENTIFIER = Bourne.ZDCALayerDemo;
				PRODUCT_NAME = "$(TARGET_NAME)";
			};
			name = Debug;
		};
		BC6104A11C44AAF600B632E7 /* Release */ = {
			isa = XCBuildConfiguration;
			buildSettings = {
				ASSETCATALOG_COMPILER_APPICON_NAME = AppIcon;
				DEVELOPMENT_TEAM = 9RX2YUH426;
				INFOPLIST_FILE = "ZDCALayerDemo/Supporting Files/Info.plist";
				IPHONEOS_DEPLOYMENT_TARGET = 8.0;
				LD_RUNPATH_SEARCH_PATHS = (
					"$(inherited)",
					"@executable_path/Frameworks",
				);
				PRODUCT_BUNDLE_IDENTIFIER = Bourne.ZDCALayerDemo;
				PRODUCT_NAME = "$(TARGET_NAME)";
			};
			name = Release;
		};
		BC6104A31C44AAF600B632E7 /* Debug */ = {
			isa = XCBuildConfiguration;
			buildSettings = {
				BUNDLE_LOADER = "$(TEST_HOST)";
				INFOPLIST_FILE = ZDCALayerDemoTests/Info.plist;
				LD_RUNPATH_SEARCH_PATHS = (
					"$(inherited)",
					"@executable_path/Frameworks",
					"@loader_path/Frameworks",
				);
				PRODUCT_BUNDLE_IDENTIFIER = Bourne.ZDCALayerDemoTests;
				PRODUCT_NAME = "$(TARGET_NAME)";
				TEST_HOST = "$(BUILT_PRODUCTS_DIR)/ZDCALayerDemo.app/ZDCALayerDemo";
			};
			name = Debug;
		};
		BC6104A41C44AAF600B632E7 /* Release */ = {
			isa = XCBuildConfiguration;
			buildSettings = {
				BUNDLE_LOADER = "$(TEST_HOST)";
				INFOPLIST_FILE = ZDCALayerDemoTests/Info.plist;
				LD_RUNPATH_SEARCH_PATHS = (
					"$(inherited)",
					"@executable_path/Frameworks",
					"@loader_path/Frameworks",
				);
				PRODUCT_BUNDLE_IDENTIFIER = Bourne.ZDCALayerDemoTests;
				PRODUCT_NAME = "$(TARGET_NAME)";
				TEST_HOST = "$(BUILT_PRODUCTS_DIR)/ZDCALayerDemo.app/ZDCALayerDemo";
			};
			name = Release;
		};
		BC6104A61C44AAF600B632E7 /* Debug */ = {
			isa = XCBuildConfiguration;
			buildSettings = {
				INFOPLIST_FILE = ZDCALayerDemoUITests/Info.plist;
				LD_RUNPATH_SEARCH_PATHS = (
					"$(inherited)",
					"@executable_path/Frameworks",
					"@loader_path/Frameworks",
				);
				PRODUCT_BUNDLE_IDENTIFIER = Bourne.ZDCALayerDemoUITests;
				PRODUCT_NAME = "$(TARGET_NAME)";
				TEST_TARGET_NAME = ZDCALayerDemo;
				USES_XCTRUNNER = YES;
			};
			name = Debug;
		};
		BC6104A71C44AAF600B632E7 /* Release */ = {
			isa = XCBuildConfiguration;
			buildSettings = {
				INFOPLIST_FILE = ZDCALayerDemoUITests/Info.plist;
				LD_RUNPATH_SEARCH_PATHS = (
					"$(inherited)",
					"@executable_path/Frameworks",
					"@loader_path/Frameworks",
				);
				PRODUCT_BUNDLE_IDENTIFIER = Bourne.ZDCALayerDemoUITests;
				PRODUCT_NAME = "$(TARGET_NAME)";
				TEST_TARGET_NAME = ZDCALayerDemo;
				USES_XCTRUNNER = YES;
			};
			name = Release;
		};
/* End XCBuildConfiguration section */

/* Begin XCConfigurationList section */
		BC61046D1C44AAF600B632E7 /* Build configuration list for PBXProject "ZDCALayerDemo" */ = {
			isa = XCConfigurationList;
			buildConfigurations = (
				BC61049D1C44AAF600B632E7 /* Debug */,
				BC61049E1C44AAF600B632E7 /* Release */,
			);
			defaultConfigurationIsVisible = 0;
			defaultConfigurationName = Release;
		};
		BC61049F1C44AAF600B632E7 /* Build configuration list for PBXNativeTarget "ZDCALayerDemo" */ = {
			isa = XCConfigurationList;
			buildConfigurations = (
				BC6104A01C44AAF600B632E7 /* Debug */,
				BC6104A11C44AAF600B632E7 /* Release */,
			);
			defaultConfigurationIsVisible = 0;
			defaultConfigurationName = Release;
		};
		BC6104A21C44AAF600B632E7 /* Build configuration list for PBXNativeTarget "ZDCALayerDemoTests" */ = {
			isa = XCConfigurationList;
			buildConfigurations = (
				BC6104A31C44AAF600B632E7 /* Debug */,
				BC6104A41C44AAF600B632E7 /* Release */,
			);
			defaultConfigurationIsVisible = 0;
			defaultConfigurationName = Release;
		};
		BC6104A51C44AAF600B632E7 /* Build configuration list for PBXNativeTarget "ZDCALayerDemoUITests" */ = {
			isa = XCConfigurationList;
			buildConfigurations = (
				BC6104A61C44AAF600B632E7 /* Debug */,
				BC6104A71C44AAF600B632E7 /* Release */,
			);
			defaultConfigurationIsVisible = 0;
			defaultConfigurationName = Release;
		};
/* End XCConfigurationList section */
	};
	rootObject = BC61046A1C44AAF600B632E7 /* Project object */;
}
